<?xml version="1.0" encoding="utf-8"?>
<Project ToolsVersion="4.0" xmlns="http://schemas.microsoft.com/developer/msbuild/2003">
  <ItemGroup>
    <Filter Include="Source Files">
      <UniqueIdentifier>{4FC737F1-C7A5-4376-A066-2A32D752A2FF}</UniqueIdentifier>
      <Extensions>cpp;c;cc;cxx;c++;cppm;ixx;def;odl;idl;hpj;bat;asm;asmx</Extensions>
    </Filter>
    <Filter Include="Header Files">
      <UniqueIdentifier>{93995380-89BD-4b04-88EB-625FBE52EBFB}</UniqueIdentifier>
      <Extensions>h;hh;hpp;hxx;h++;hm;inl;inc;ipp;xsd</Extensions>
    </Filter>
    <Filter Include="shaders">
      <UniqueIdentifier>{9d8fe218-3a1b-4b87-ad2d-f1dd237018d6}</UniqueIdentifier>
    </Filter>
    <Filter Include="helper">
      <UniqueIdentifier>{c29f8861-f4ed-4959-83db-a55d350bcdb9}</UniqueIdentifier>
    </Filter>
    <Filter Include="media">
      <UniqueIdentifier>{8b06acff-584d-413f-93f7-fae25d99058d}</UniqueIdentifier>
    </Filter>
    <Filter Include="Source Files\Resource Files">
      <UniqueIdentifier>{67DA6AB6-F800-4c08-8B7A-83BB121AAD01}</UniqueIdentifier>
      <Extensions>rc;ico;cur;bmp;dlg;rc2;rct;bin;rgs;gif;jpg;jpeg;jpe;resx;tiff;tif;png;wav;mfcribbon-ms</Extensions>
    </Filter>
    <Filter Include="helper\stb">
      <UniqueIdentifier>{ed8ee548-1943-4cb2-a8af-51771d875495}</UniqueIdentifier>
    </Filter>
  </ItemGroup>
  <ItemGroup>
    <ClCompile Include="main.cpp">
      <Filter>Source Files</Filter>
    </ClCompile>
    <ClCompile Include="..\..\..\..\Public\openGL\Helper\teapot.cpp">
      <Filter>helper</Filter>
    </ClCompile>
    <ClCompile Include="..\..\..\..\Public\openGL\Helper\torus.cpp">
      <Filter>helper</Filter>
    </ClCompile>
    <ClCompile Include="..\..\..\..\Public\openGL\Helper\trianglemesh.cpp">
      <Filter>helper</Filter>
    </ClCompile>
    <ClCompile Include="scenebasic_uniform.cpp">
      <Filter>Source Files</Filter>
    </ClCompile>
    <ClCompile Include="..\..\..\..\Public\openGL\Helper\glslprogram.cpp">
      <Filter>helper</Filter>
    </ClCompile>
    <ClCompile Include="..\..\..\..\Public\openGL\Helper\glutils.cpp">
      <Filter>helper</Filter>
    </ClCompile>
    <ClCompile Include="..\..\..\Desktop\lab 2\Additional files\objmesh.cpp">
      <Filter>Source Files</Filter>
    </ClCompile>
    <ClCompile Include="..\..\..\Desktop\lab 2\Additional files\plane.cpp">
      <Filter>Source Files</Filter>
    </ClCompile>
    <ClCompile Include="cookbookogl.cpp">
      <Filter>Source Files</Filter>
    </ClCompile>
    <ClCompile Include="src\glad.c">
      <Filter>Source Files</Filter>
    </ClCompile>
  </ItemGroup>
  <ItemGroup>
    <ClInclude Include="..\..\..\..\Public\openGL\Helper\drawable.h">
      <Filter>helper</Filter>
    </ClInclude>
    <ClInclude Include="..\..\..\..\Public\openGL\Helper\teapot.h">
      <Filter>helper</Filter>
    </ClInclude>
    <ClInclude Include="..\..\..\..\Public\openGL\Helper\teapotdata.h">
      <Filter>helper</Filter>
    </ClInclude>
    <ClInclude Include="..\..\..\..\Public\openGL\Helper\torus.h">
      <Filter>helper</Filter>
    </ClInclude>
    <ClInclude Include="..\..\..\..\Public\openGL\Helper\trianglemesh.h">
      <Filter>helper</Filter>
    </ClInclude>
    <ClInclude Include="scenebasic_uniform.h">
      <Filter>Header Files</Filter>
    </ClInclude>
    <ClInclude Include="..\..\..\..\Public\openGL\Helper\glslprogram.h">
      <Filter>helper</Filter>
    </ClInclude>
    <ClInclude Include="..\..\..\..\Public\openGL\Helper\glutils.h">
      <Filter>helper</Filter>
    </ClInclude>
    <ClInclude Include="..\..\..\..\Public\openGL\Helper\scene.h">
      <Filter>helper</Filter>
    </ClInclude>
    <ClInclude Include="..\..\..\..\Public\openGL\Helper\scenerunner.h">
      <Filter>helper</Filter>
    </ClInclude>
    <ClInclude Include="..\..\..\Desktop\lab 2\Additional files\aabb.h">
      <Filter>Header Files</Filter>
    </ClInclude>
    <ClInclude Include="..\..\..\Desktop\lab 2\Additional files\objmesh.h">
      <Filter>Header Files</Filter>
    </ClInclude>
    <ClInclude Include="..\..\..\Desktop\lab 2\Additional files\plane.h">
      <Filter>Header Files</Filter>
    </ClInclude>
    <ClInclude Include="..\..\..\Desktop\lab 2\Additional files\utils.h">
      <Filter>Header Files</Filter>
    </ClInclude>
    <ClInclude Include="cookbookogl.h">
      <Filter>Header Files</Filter>
    </ClInclude>
    <ClInclude Include="..\..\..\..\Public\openGL\Helper\stb_image.h">
      <Filter>helper\stb</Filter>
    </ClInclude>
  </ItemGroup>
  <ItemGroup>
    <Object Include="..\..\..\..\Public\openGL\media\pig_triangulated.obj">
      <Filter>media</Filter>
    </Object>
  </ItemGroup>
  <ItemGroup>
    <None Include="shaders\basic_uniform.frag">
      <Filter>shaders</Filter>
    </None>
    <None Include="shaders\basic_uniform.vert">
      <Filter>shaders</Filter>
    </None>
  </ItemGroup>
</Project>